
Microsoft Visual Studio Solution File, Format Version 12.00
# Visual Studio 15
VisualStudioVersion = 15.0.28307.1705
MinimumVisualStudioVersion = 10.0.40219.1
Project("{8BC9CEB8-8B4A-11D0-8D11-00A0C91BC942}") = "Ch6_Lab3", "Ch6_Lab3\Ch6_Lab3.vcxproj", "{66CFA09B-7A70-49B4-811A-C55DF48B8108}"
EndProject
Global
	GlobalSection(SolutionConfigurationPlatforms) = preSolution
		Debug|x64 = Debug|x64
		Debug|x86 = Debug|x86
		Release|x64 = Release|x64
		Release|x86 = Release|x86
	EndGlobalSection
	GlobalSection(ProjectConfigurationPlatforms) = postSolution
		{66CFA09B-7A70-49B4-811A-C55DF48B8108}.Debug|x64.ActiveCfg = Debug|x64
		{66CFA09B-7A70-49B4-811A-C55DF48B8108}.Debug|x64.Build.0 = Debug|x64
		{66CFA09B-7A70-49B4-811A-C55DF48B8108}.Debug|x86.ActiveCfg = Debug|Win32
		{66CFA09B-7A70-49B4-811A-C55DF48B8108}.Debug|x86.Build.0 = Debug|Win32
		{66CFA09B-7A70-49B4-811A-C55DF48B8108}.Release|x64.ActiveCfg = Release|x64
		{66CFA09B-7A70-49B4-811A-C55DF48B8108}.Release|x64.Build.0 = Release|x64
		{66CFA09B-7A70-49B4-811A-C55DF48B8108}.Release|x86.ActiveCfg = Release|Win32
		{66CFA09B-7A70-49B4-811A-C55DF48B8108}.Release|x86.Build.0 = Release|Win32
	EndGlobalSection
	GlobalSection(SolutionProperties) = preSolution
		HideSolutionNode = FALSE
	EndGlobalSection
	GlobalSection(ExtensibilityGlobals) = postSolution
		SolutionGuid = {926EF1FB-375C-431C-8259-1DEA4E5C1263}
	EndGlobalSection
EndGlobal
